
Microsoft Visual Studio Solution File, Format Version 12.00
# Visual Studio 14
VisualStudioVersion = 14.0.23107.0
MinimumVisualStudioVersion = 10.0.40219.1
Project("{2150E333-8FDC-42A3-9474-1A3956D46DE8}") = "Taxi", "Taxi", "{A0F7BA91-553F-45F5-8755-7FD54418EBE4}"
EndProject
Project("{FAE04EC0-301F-11D3-BF4B-00C04F79EFBC}") = "Taxi.WebApp", "Taxi.WebApp\Taxi.WebApp.csproj", "{F9FD9B2D-CC96-4E70-9BA5-6B0796623D5E}"
EndProject
Project("{FAE04EC0-301F-11D3-BF4B-00C04F79EFBC}") = "Taxi.BLL", "Taxi.BLL\Taxi.BLL.csproj", "{D4630F4B-71F0-4E75-BCAD-20446FDDE97C}"
EndProject
Project("{FAE04EC0-301F-11D3-BF4B-00C04F79EFBC}") = "Taxi.Common", "Taxi.Common\Taxi.Common.csproj", "{47B9B7F7-01C9-4A73-8246-1C09EA03DB0A}"
EndProject
Project("{FAE04EC0-301F-11D3-BF4B-00C04F79EFBC}") = "Taxi.DAL", "Taxi.DAL\Taxi.DAL.csproj", "{8401D1B7-9D40-4D13-821D-078D35C2B94C}"
EndProject
Global
	GlobalSection(SolutionConfigurationPlatforms) = preSolution
		Debug|Any CPU = Debug|Any CPU
		Release|Any CPU = Release|Any CPU
	EndGlobalSection
	GlobalSection(ProjectConfigurationPlatforms) = postSolution
		{F9FD9B2D-CC96-4E70-9BA5-6B0796623D5E}.Debug|Any CPU.ActiveCfg = Debug|Any CPU
		{F9FD9B2D-CC96-4E70-9BA5-6B0796623D5E}.Debug|Any CPU.Build.0 = Debug|Any CPU
		{F9FD9B2D-CC96-4E70-9BA5-6B0796623D5E}.Release|Any CPU.ActiveCfg = Release|Any CPU
		{F9FD9B2D-CC96-4E70-9BA5-6B0796623D5E}.Release|Any CPU.Build.0 = Release|Any CPU
		{D4630F4B-71F0-4E75-BCAD-20446FDDE97C}.Debug|Any CPU.ActiveCfg = Debug|Any CPU
		{D4630F4B-71F0-4E75-BCAD-20446FDDE97C}.Debug|Any CPU.Build.0 = Debug|Any CPU
		{D4630F4B-71F0-4E75-BCAD-20446FDDE97C}.Release|Any CPU.ActiveCfg = Release|Any CPU
		{D4630F4B-71F0-4E75-BCAD-20446FDDE97C}.Release|Any CPU.Build.0 = Release|Any CPU
		{47B9B7F7-01C9-4A73-8246-1C09EA03DB0A}.Debug|Any CPU.ActiveCfg = Debug|Any CPU
		{47B9B7F7-01C9-4A73-8246-1C09EA03DB0A}.Debug|Any CPU.Build.0 = Debug|Any CPU
		{47B9B7F7-01C9-4A73-8246-1C09EA03DB0A}.Release|Any CPU.ActiveCfg = Release|Any CPU
		{47B9B7F7-01C9-4A73-8246-1C09EA03DB0A}.Release|Any CPU.Build.0 = Release|Any CPU
		{8401D1B7-9D40-4D13-821D-078D35C2B94C}.Debug|Any CPU.ActiveCfg = Debug|Any CPU
		{8401D1B7-9D40-4D13-821D-078D35C2B94C}.Debug|Any CPU.Build.0 = Debug|Any CPU
		{8401D1B7-9D40-4D13-821D-078D35C2B94C}.Release|Any CPU.ActiveCfg = Release|Any CPU
		{8401D1B7-9D40-4D13-821D-078D35C2B94C}.Release|Any CPU.Build.0 = Release|Any CPU
	EndGlobalSection
	GlobalSection(SolutionProperties) = preSolution
		HideSolutionNode = FALSE
	EndGlobalSection
	GlobalSection(NestedProjects) = preSolution
		{F9FD9B2D-CC96-4E70-9BA5-6B0796623D5E} = {A0F7BA91-553F-45F5-8755-7FD54418EBE4}
		{D4630F4B-71F0-4E75-BCAD-20446FDDE97C} = {A0F7BA91-553F-45F5-8755-7FD54418EBE4}
		{47B9B7F7-01C9-4A73-8246-1C09EA03DB0A} = {A0F7BA91-553F-45F5-8755-7FD54418EBE4}
		{8401D1B7-9D40-4D13-821D-078D35C2B94C} = {A0F7BA91-553F-45F5-8755-7FD54418EBE4}
	EndGlobalSection
EndGlobal
